
Microsoft Visual Studio Solution File, Format Version 12.00
# Visual Studio Version 16
VisualStudioVersion = 16.0.31205.134
MinimumVisualStudioVersion = 10.0.40219.1
Project("{FAE04EC0-301F-11D3-BF4B-00C04F79EFBC}") = "CounterOfRadiation", "CounterOfRadiation\CounterOfRadiation.csproj", "{7CEC9FEA-BC44-4BB0-AEED-A5909AEACC6F}"
EndProject
Global
	GlobalSection(SolutionConfigurationPlatforms) = preSolution
		Debug|Any CPU = Debug|Any CPU
		Release|Any CPU = Release|Any CPU
	EndGlobalSection
	GlobalSection(ProjectConfigurationPlatforms) = postSolution
		{7CEC9FEA-BC44-4BB0-AEED-A5909AEACC6F}.Debug|Any CPU.ActiveCfg = Debug|Any CPU
		{7CEC9FEA-BC44-4BB0-AEED-A5909AEACC6F}.Debug|Any CPU.Build.0 = Debug|Any CPU
		{7CEC9FEA-BC44-4BB0-AEED-A5909AEACC6F}.Release|Any CPU.ActiveCfg = Release|Any CPU
		{7CEC9FEA-BC44-4BB0-AEED-A5909AEACC6F}.Release|Any CPU.Build.0 = Release|Any CPU
	EndGlobalSection
	GlobalSection(SolutionProperties) = preSolution
		HideSolutionNode = FALSE
	EndGlobalSection
	GlobalSection(ExtensibilityGlobals) = postSolution
		SolutionGuid = {A73FED11-C700-4F51-B153-1842C6E412F3}
	EndGlobalSection
EndGlobal
